// !$*UTF8*$!
{
	archiveVersion = 1;
	classes = {
	};
	objectVersion = 50;
	objects = {

/* Begin PBXBuildFile section */
		682243BD262504BE00DAB9FF /* ContactsManager.swift in Sources */ = {isa = PBXBuildFile; fileRef = 682243BC262504BE00DAB9FF /* ContactsManager.swift */; };
		683463422624C8BA00FA0209 /* DynamicContactsApp.swift in Sources */ = {isa = PBXBuildFile; fileRef = 683463412624C8BA00FA0209 /* DynamicContactsApp.swift */; };
		683463442624C8BA00FA0209 /* ContactsView.swift in Sources */ = {isa = PBXBuildFile; fileRef = 683463432624C8BA00FA0209 /* ContactsView.swift */; };
		683463462624C8BB00FA0209 /* Assets.xcassets in Resources */ = {isa = PBXBuildFile; fileRef = 683463452624C8BB00FA0209 /* Assets.xcassets */; };
		683463492624C8BB00FA0209 /* Preview Assets.xcassets in Resources */ = {isa = PBXBuildFile; fileRef = 683463482624C8BB00FA0209 /* Preview Assets.xcassets */; };
		685838AC2624DCE1006A1F7C /* ContactViewModel.swift in Sources */ = {isa = PBXBuildFile; fileRef = 685838AB2624DCE1006A1F7C /* ContactViewModel.swift */; };
		685838B02624DD76006A1F7C /* ImageLoader.swift in Sources */ = {isa = PBXBuildFile; fileRef = 685838AF2624DD76006A1F7C /* ImageLoader.swift */; };
		685838B82624F05E006A1F7C /* ContactDTO.swift in Sources */ = {isa = PBXBuildFile; fileRef = 685838B72624F05E006A1F7C /* ContactDTO.swift */; };
		685838BD2624F30D006A1F7C /* ContactsApi.swift in Sources */ = {isa = PBXBuildFile; fileRef = 685838BC2624F30D006A1F7C /* ContactsApi.swift */; };
/* End PBXBuildFile section */

/* Begin PBXFileReference section */
		682243BC262504BE00DAB9FF /* ContactsManager.swift */ = {isa = PBXFileReference; lastKnownFileType = sourcecode.swift; path = ContactsManager.swift; sourceTree = "<group>"; };
		6834633E2624C8BA00FA0209 /* DynamicContacts.app */ = {isa = PBXFileReference; explicitFileType = wrapper.application; includeInIndex = 0; path = DynamicContacts.app; sourceTree = BUILT_PRODUCTS_DIR; };
		683463412624C8BA00FA0209 /* DynamicContactsApp.swift */ = {isa = PBXFileReference; lastKnownFileType = sourcecode.swift; path = DynamicContactsApp.swift; sourceTree = "<group>"; };
		683463432624C8BA00FA0209 /* ContactsView.swift */ = {isa = PBXFileReference; lastKnownFileType = sourcecode.swift; path = ContactsView.swift; sourceTree = "<group>"; };
		683463452624C8BB00FA0209 /* Assets.xcassets */ = {isa = PBXFileReference; lastKnownFileType = folder.assetcatalog; path = Assets.xcassets; sourceTree = "<group>"; };
		683463482624C8BB00FA0209 /* Preview Assets.xcassets */ = {isa = PBXFileReference; lastKnownFileType = folder.assetcatalog; path = "Preview Assets.xcassets"; sourceTree = "<group>"; };
		6834634A2624C8BB00FA0209 /* Info.plist */ = {isa = PBXFileReference; lastKnownFileType = text.plist.xml; path = Info.plist; sourceTree = "<group>"; };
		685838AB2624DCE1006A1F7C /* ContactViewModel.swift */ = {isa = PBXFileReference; lastKnownFileType = sourcecode.swift; path = ContactViewModel.swift; sourceTree = "<group>"; };
		685838AF2624DD76006A1F7C /* ImageLoader.swift */ = {isa = PBXFileReference; lastKnownFileType = sourcecode.swift; path = ImageLoader.swift; sourceTree = "<group>"; };
		685838B72624F05E006A1F7C /* ContactDTO.swift */ = {isa = PBXFileReference; lastKnownFileType = sourcecode.swift; path = ContactDTO.swift; sourceTree = "<group>"; };
		685838BC2624F30D006A1F7C /* ContactsApi.swift */ = {isa = PBXFileReference; lastKnownFileType = sourcecode.swift; path = ContactsApi.swift; sourceTree = "<group>"; };
/* End PBXFileReference section */

/* Begin PBXFrameworksBuildPhase section */
		6834633B2624C8BA00FA0209 /* Frameworks */ = {
			isa = PBXFrameworksBuildPhase;
			buildActionMask = 2147483647;
			files = (
			);
			runOnlyForDeploymentPostprocessing = 0;
		};
/* End PBXFrameworksBuildPhase section */

/* Begin PBXGroup section */
		6821B1262624DBF1002CBE70 /* Supporting Files */ = {
			isa = PBXGroup;
			children = (
				683463452624C8BB00FA0209 /* Assets.xcassets */,
				6834634A2624C8BB00FA0209 /* Info.plist */,
			);
			path = "Supporting Files";
			sourceTree = "<group>";
		};
		6821B1272624DC00002CBE70 /* Contacts */ = {
			isa = PBXGroup;
			children = (
				683463432624C8BA00FA0209 /* ContactsView.swift */,
				685838AB2624DCE1006A1F7C /* ContactViewModel.swift */,
				685838BA2624F06B006A1F7C /* Repository */,
				682243BC262504BE00DAB9FF /* ContactsManager.swift */,
			);
			path = Contacts;
			sourceTree = "<group>";
		};
		683463352624C8BA00FA0209 = {
			isa = PBXGroup;
			children = (
				683463402624C8BA00FA0209 /* DynamicContacts */,
				6834633F2624C8BA00FA0209 /* Products */,
			);
			sourceTree = "<group>";
		};
		6834633F2624C8BA00FA0209 /* Products */ = {
			isa = PBXGroup;
			children = (
				6834633E2624C8BA00FA0209 /* DynamicContacts.app */,
			);
			name = Products;
			sourceTree = "<group>";
		};
		683463402624C8BA00FA0209 /* DynamicContacts */ = {
			isa = PBXGroup;
			children = (
				683463412624C8BA00FA0209 /* DynamicContactsApp.swift */,
				6821B1272624DC00002CBE70 /* Contacts */,
				6821B1262624DBF1002CBE70 /* Supporting Files */,
				683463472624C8BB00FA0209 /* Preview Content */,
				685838B22624DD7E006A1F7C /* UIUtils */,
			);
			path = DynamicContacts;
			sourceTree = "<group>";
		};
		683463472624C8BB00FA0209 /* Preview Content */ = {
			isa = PBXGroup;
			children = (
				683463482624C8BB00FA0209 /* Preview Assets.xcassets */,
			);
			path = "Preview Content";
			sourceTree = "<group>";
		};
		685838B22624DD7E006A1F7C /* UIUtils */ = {
			isa = PBXGroup;
			children = (
				685838AF2624DD76006A1F7C /* ImageLoader.swift */,
			);
			path = UIUtils;
			sourceTree = "<group>";
		};
		685838BA2624F06B006A1F7C /* Repository */ = {
			isa = PBXGroup;
			children = (
				685838B72624F05E006A1F7C /* ContactDTO.swift */,
				685838BC2624F30D006A1F7C /* ContactsApi.swift */,
			);
			path = Repository;
			sourceTree = "<group>";
		};
/* End PBXGroup section */

/* Begin PBXNativeTarget section */
		6834633D2624C8BA00FA0209 /* DynamicContacts */ = {
			isa = PBXNativeTarget;
			buildConfigurationList = 6834634D2624C8BB00FA0209 /* Build configuration list for PBXNativeTarget "DynamicContacts" */;
			buildPhases = (
				6834633A2624C8BA00FA0209 /* Sources */,
				6834633B2624C8BA00FA0209 /* Frameworks */,
				6834633C2624C8BA00FA0209 /* Resources */,
			);
			buildRules = (
			);
			dependencies = (
			);
			name = DynamicContacts;
			productName = DynamicContacts;
			productReference = 6834633E2624C8BA00FA0209 /* DynamicContacts.app */;
			productType = "com.apple.product-type.application";
		};
/* End PBXNativeTarget section */

/* Begin PBXProject section */
		683463362624C8BA00FA0209 /* Project object */ = {
			isa = PBXProject;
			attributes = {
				LastSwiftUpdateCheck = 1240;
				LastUpgradeCheck = 1240;
				TargetAttributes = {
					6834633D2624C8BA00FA0209 = {
						CreatedOnToolsVersion = 12.4;
					};
				};
			};
			buildConfigurationList = 683463392624C8BA00FA0209 /* Build configuration list for PBXProject "DynamicContacts" */;
			compatibilityVersion = "Xcode 9.3";
			developmentRegion = en;
			hasScannedForEncodings = 0;
			knownRegions = (
				en,
				Base,
			);
			mainGroup = 683463352624C8BA00FA0209;
			productRefGroup = 6834633F2624C8BA00FA0209 /* Products */;
			projectDirPath = "";
			projectRoot = "";
			targets = (
				6834633D2624C8BA00FA0209 /* DynamicContacts */,
			);
		};
/* End PBXProject section */

/* Begin PBXResourcesBuildPhase section */
		6834633C2624C8BA00FA0209 /* Resources */ = {
			isa = PBXResourcesBuildPhase;
			buildActionMask = 2147483647;
			files = (
				683463492624C8BB00FA0209 /* Preview Assets.xcassets in Resources */,
				683463462624C8BB00FA0209 /* Assets.xcassets in Resources */,
			);
			runOnlyForDeploymentPostprocessing = 0;
		};
/* End PBXResourcesBuildPhase section */

/* Begin PBXSourcesBuildPhase section */
		6834633A2624C8BA00FA0209 /* Sources */ = {
			isa = PBXSourcesBuildPhase;
			buildActionMask = 2147483647;
			files = (
				683463442624C8BA00FA0209 /* ContactsView.swift in Sources */,
				685838AC2624DCE1006A1F7C /* ContactViewModel.swift in Sources */,
				685838B02624DD76006A1F7C /* ImageLoader.swift in Sources */,
				685838BD2624F30D006A1F7C /* ContactsApi.swift in Sources */,
				685838B82624F05E006A1F7C /* ContactDTO.swift in Sources */,
				683463422624C8BA00FA0209 /* DynamicContactsApp.swift in Sources */,
				682243BD262504BE00DAB9FF /* ContactsManager.swift in Sources */,
			);
			runOnlyForDeploymentPostprocessing = 0;
		};
/* End PBXSourcesBuildPhase section */

/* Begin XCBuildConfiguration section */
		6834634B2624C8BB00FA0209 /* Debug */ = {
			isa = XCBuildConfiguration;
			buildSettings = {
				ALWAYS_SEARCH_USER_PATHS = NO;
				CLANG_ANALYZER_NONNULL = YES;
				CLANG_ANALYZER_NUMBER_OBJECT_CONVERSION = YES_AGGRESSIVE;
				CLANG_CXX_LANGUAGE_STANDARD = "gnu++14";
				CLANG_CXX_LIBRARY = "libc++";
				CLANG_ENABLE_MODULES = YES;
				CLANG_ENABLE_OBJC_ARC = YES;
				CLANG_ENABLE_OBJC_WEAK = YES;
				CLANG_WARN_BLOCK_CAPTURE_AUTORELEASING = YES;
				CLANG_WARN_BOOL_CONVERSION = YES;
				CLANG_WARN_COMMA = YES;
				CLANG_WARN_CONSTANT_CONVERSION = YES;
				CLANG_WARN_DEPRECATED_OBJC_IMPLEMENTATIONS = YES;
				CLANG_WARN_DIRECT_OBJC_ISA_USAGE = YES_ERROR;
				CLANG_WARN_DOCUMENTATION_COMMENTS = YES;
				CLANG_WARN_EMPTY_BODY = YES;
				CLANG_WARN_ENUM_CONVERSION = YES;
				CLANG_WARN_INFINITE_RECURSION = YES;
				CLANG_WARN_INT_CONVERSION = YES;
				CLANG_WARN_NON_LITERAL_NULL_CONVERSION = YES;
				CLANG_WARN_OBJC_IMPLICIT_RETAIN_SELF = YES;
				CLANG_WARN_OBJC_LITERAL_CONVERSION = YES;
				CLANG_WARN_OBJC_ROOT_CLASS = YES_ERROR;
				CLANG_WARN_QUOTED_INCLUDE_IN_FRAMEWORK_HEADER = YES;
				CLANG_WARN_RANGE_LOOP_ANALYSIS = YES;
				CLANG_WARN_STRICT_PROTOTYPES = YES;
				CLANG_WARN_SUSPICIOUS_MOVE = YES;
				CLANG_WARN_UNGUARDED_AVAILABILITY = YES_AGGRESSIVE;
				CLANG_WARN_UNREACHABLE_CODE = YES;
				CLANG_WARN__DUPLICATE_METHOD_MATCH = YES;
				COPY_PHASE_STRIP = NO;
				DEBUG_INFORMATION_FORMAT = dwarf;
				ENABLE_STRICT_OBJC_MSGSEND = YES;
				ENABLE_TESTABILITY = YES;
				GCC_C_LANGUAGE_STANDARD = gnu11;
				GCC_DYNAMIC_NO_PIC = NO;
				GCC_NO_COMMON_BLOCKS = YES;
				GCC_OPTIMIZATION_LEVEL = 0;
				GCC_PREPROCESSOR_DEFINITIONS = (
					"DEBUG=1",
					"$(inherited)",
				);
				GCC_WARN_64_TO_32_BIT_CONVERSION = YES;
				GCC_WARN_ABOUT_RETURN_TYPE = YES_ERROR;
				GCC_WARN_UNDECLARED_SELECTOR = YES;
				GCC_WARN_UNINITIALIZED_AUTOS = YES_AGGRESSIVE;
				GCC_WARN_UNUSED_FUNCTION = YES;
				GCC_WARN_UNUSED_VARIABLE = YES;
				IPHONEOS_DEPLOYMENT_TARGET = 14.4;
				MTL_ENABLE_DEBUG_INFO = INCLUDE_SOURCE;
				MTL_FAST_MATH = YES;
				ONLY_ACTIVE_ARCH = YES;
				SDKROOT = iphoneos;
				SWIFT_ACTIVE_COMPILATION_CONDITIONS = DEBUG;
				SWIFT_OPTIMIZATION_LEVEL = "-Onone";
			};
			name = Debug;
		};
		6834634C2624C8BB00FA0209 /* Release */ = {
			isa = XCBuildConfiguration;
			buildSettings = {
				ALWAYS_SEARCH_USER_PATHS = NO;
				CLANG_ANALYZER_NONNULL = YES;
				CLANG_ANALYZER_NUMBER_OBJECT_CONVERSION = YES_AGGRESSIVE;
				CLANG_CXX_LANGUAGE_STANDARD = "gnu++14";
				CLANG_CXX_LIBRARY = "libc++";
				CLANG_ENABLE_MODULES = YES;
				CLANG_ENABLE_OBJC_ARC = YES;
				CLANG_ENABLE_OBJC_WEAK = YES;
				CLANG_WARN_BLOCK_CAPTURE_AUTORELEASING = YES;
				CLANG_WARN_BOOL_CONVERSION = YES;
				CLANG_WARN_COMMA = YES;
				CLANG_WARN_CONSTANT_CONVERSION = YES;
				CLANG_WARN_DEPRECATED_OBJC_IMPLEMENTATIONS = YES;
				CLANG_WARN_DIRECT_OBJC_ISA_USAGE = YES_ERROR;
				CLANG_WARN_DOCUMENTATION_COMMENTS = YES;
				CLANG_WARN_EMPTY_BODY = YES;
				CLANG_WARN_ENUM_CONVERSION = YES;
				CLANG_WARN_INFINITE_RECURSION = YES;
				CLANG_WARN_INT_CONVERSION = YES;
				CLANG_WARN_NON_LITERAL_NULL_CONVERSION = YES;
				CLANG_WARN_OBJC_IMPLICIT_RETAIN_SELF = YES;
				CLANG_WARN_OBJC_LITERAL_CONVERSION = YES;
				CLANG_WARN_OBJC_ROOT_CLASS = YES_ERROR;
				CLANG_WARN_QUOTED_INCLUDE_IN_FRAMEWORK_HEADER = YES;
				CLANG_WARN_RANGE_LOOP_ANALYSIS = YES;
				CLANG_WARN_STRICT_PROTOTYPES = YES;
				CLANG_WARN_SUSPICIOUS_MOVE = YES;
				CLANG_WARN_UNGUARDED_AVAILABILITY = YES_AGGRESSIVE;
				CLANG_WARN_UNREACHABLE_CODE = YES;
				CLANG_WARN__DUPLICATE_METHOD_MATCH = YES;
				COPY_PHASE_STRIP = NO;
				DEBUG_INFORMATION_FORMAT = "dwarf-with-dsym";
				ENABLE_NS_ASSERTIONS = NO;
				ENABLE_STRICT_OBJC_MSGSEND = YES;
				GCC_C_LANGUAGE_STANDARD = gnu11;
				GCC_NO_COMMON_BLOCKS = YES;
				GCC_WARN_64_TO_32_BIT_CONVERSION = YES;
				GCC_WARN_ABOUT_RETURN_TYPE = YES_ERROR;
				GCC_WARN_UNDECLARED_SELECTOR = YES;
				GCC_WARN_UNINITIALIZED_AUTOS = YES_AGGRESSIVE;
				GCC_WARN_UNUSED_FUNCTION = YES;
				GCC_WARN_UNUSED_VARIABLE = YES;
				IPHONEOS_DEPLOYMENT_TARGET = 14.4;
				MTL_ENABLE_DEBUG_INFO = NO;
				MTL_FAST_MATH = YES;
				SDKROOT = iphoneos;
				SWIFT_COMPILATION_MODE = wholemodule;
				SWIFT_OPTIMIZATION_LEVEL = "-O";
				VALIDATE_PRODUCT = YES;
			};
			name = Release;
		};
		6834634E2624C8BB00FA0209 /* Debug */ = {
			isa = XCBuildConfiguration;
			buildSettings = {
				ASSETCATALOG_COMPILER_APPICON_NAME = AppIcon;
				ASSETCATALOG_COMPILER_GLOBAL_ACCENT_COLOR_NAME = AccentColor;
				CODE_SIGN_STYLE = Automatic;
				DEVELOPMENT_ASSET_PATHS = "\"DynamicContacts/Preview Content\"";
				DEVELOPMENT_TEAM = 4U2DW67G88;
				ENABLE_PREVIEWS = YES;
				INFOPLIST_FILE = "$(SRCROOT)/DynamicContacts/Supporting Files/Info.plist";
				IPHONEOS_DEPLOYMENT_TARGET = 14.0;
				LD_RUNPATH_SEARCH_PATHS = (
					"$(inherited)",
					"@executable_path/Frameworks",
				);
				PRODUCT_BUNDLE_IDENTIFIER = com.bogdanov.stenforlecture.drawing.DynamicContacts;
				PRODUCT_NAME = "$(TARGET_NAME)";
				SWIFT_VERSION = 5.0;
				TARGETED_DEVICE_FAMILY = "1,2";
			};
			name = Debug;
		};
		6834634F2624C8BB00FA0209 /* Release */ = {
			isa = XCBuildConfiguration;
			buildSettings = {
				ASSETCATALOG_COMPILER_APPICON_NAME = AppIcon;
				ASSETCATALOG_COMPILER_GLOBAL_ACCENT_COLOR_NAME = AccentColor;
				CODE_SIGN_STYLE = Automatic;
				DEVELOPMENT_ASSET_PATHS = "\"DynamicContacts/Preview Content\"";
				DEVELOPMENT_TEAM = 4U2DW67G88;
				ENABLE_PREVIEWS = YES;
				INFOPLIST_FILE = "$(SRCROOT)/DynamicContacts/Supporting Files/Info.plist";
				IPHONEOS_DEPLOYMENT_TARGET = 14.0;
				LD_RUNPATH_SEARCH_PATHS = (
					"$(inherited)",
					"@executable_path/Frameworks",
				);
				PRODUCT_BUNDLE_IDENTIFIER = com.bogdanov.stenforlecture.drawing.DynamicContacts;
				PRODUCT_NAME = "$(TARGET_NAME)";
				SWIFT_VERSION = 5.0;
				TARGETED_DEVICE_FAMILY = "1,2";
			};
			name = Release;
		};
/* End XCBuildConfiguration section */

/* Begin XCConfigurationList section */
		683463392624C8BA00FA0209 /* Build configuration list for PBXProject "DynamicContacts" */ = {
			isa = XCConfigurationList;
			buildConfigurations = (
				6834634B2624C8BB00FA0209 /* Debug */,
				6834634C2624C8BB00FA0209 /* Release */,
			);
			defaultConfigurationIsVisible = 0;
			defaultConfigurationName = Release;
		};
		6834634D2624C8BB00FA0209 /* Build configuration list for PBXNativeTarget "DynamicContacts" */ = {
			isa = XCConfigurationList;
			buildConfigurations = (
				6834634E2624C8BB00FA0209 /* Debug */,
				6834634F2624C8BB00FA0209 /* Release */,
			);
			defaultConfigurationIsVisible = 0;
			defaultConfigurationName = Release;
		};
/* End XCConfigurationList section */
	};
	rootObject = 683463362624C8BA00FA0209 /* Project object */;
}
